
Microsoft Visual Studio Solution File, Format Version 12.00
# Visual Studio Version 16
VisualStudioVersion = 16.0.30114.105
MinimumVisualStudioVersion = 10.0.40219.1
Project("{FAE04EC0-301F-11D3-BF4B-00C04F79EFBC}") = "WebApplication1", "WebApplication1\WebApplication1.csproj", "{4D93E436-FABA-4B43-91A6-B2A22E99A531}"
EndProject
Global
	GlobalSection(SolutionConfigurationPlatforms) = preSolution
		Debug|Any CPU = Debug|Any CPU
		Release|Any CPU = Release|Any CPU
	EndGlobalSection
	GlobalSection(ProjectConfigurationPlatforms) = postSolution
		{4D93E436-FABA-4B43-91A6-B2A22E99A531}.Debug|Any CPU.ActiveCfg = Debug|Any CPU
		{4D93E436-FABA-4B43-91A6-B2A22E99A531}.Debug|Any CPU.Build.0 = Debug|Any CPU
		{4D93E436-FABA-4B43-91A6-B2A22E99A531}.Release|Any CPU.ActiveCfg = Release|Any CPU
		{4D93E436-FABA-4B43-91A6-B2A22E99A531}.Release|Any CPU.Build.0 = Release|Any CPU
	EndGlobalSection
	GlobalSection(SolutionProperties) = preSolution
		HideSolutionNode = FALSE
	EndGlobalSection
	GlobalSection(ExtensibilityGlobals) = postSolution
		SolutionGuid = {BEF92386-4B53-4D18-B0C5-044CFA17F027}
	EndGlobalSection
EndGlobal
